
Microsoft Visual Studio Solution File, Format Version 12.00
# Visual Studio Version 17
VisualStudioVersion = 17.12.35527.113
MinimumVisualStudioVersion = 10.0.40219.1
Project("{FAE04EC0-301F-11D3-BF4B-00C04F79EFBC}") = "KofCApiProxy", "KofCApiProxy\KofCApiProxy.csproj", "{B6490D6F-65FC-48C0-A2D6-1E3DDA24D6B2}"
EndProject
Project("{FAE04EC0-301F-11D3-BF4B-00C04F79EFBC}") = "KofCSDK", "KofCSDK\KofCSDK.csproj", "{D9A4C7AB-8B2B-40A6-BC77-01749137687A}"
EndProject
Global
	GlobalSection(SolutionConfigurationPlatforms) = preSolution
		Debug|Any CPU = Debug|Any CPU
		Release|Any CPU = Release|Any CPU
	EndGlobalSection
	GlobalSection(ProjectConfigurationPlatforms) = postSolution
		{B6490D6F-65FC-48C0-A2D6-1E3DDA24D6B2}.Debug|Any CPU.ActiveCfg = Debug|Any CPU
		{B6490D6F-65FC-48C0-A2D6-1E3DDA24D6B2}.Debug|Any CPU.Build.0 = Debug|Any CPU
		{B6490D6F-65FC-48C0-A2D6-1E3DDA24D6B2}.Release|Any CPU.ActiveCfg = Release|Any CPU
		{B6490D6F-65FC-48C0-A2D6-1E3DDA24D6B2}.Release|Any CPU.Build.0 = Release|Any CPU
		{D9A4C7AB-8B2B-40A6-BC77-01749137687A}.Debug|Any CPU.ActiveCfg = Debug|Any CPU
		{D9A4C7AB-8B2B-40A6-BC77-01749137687A}.Debug|Any CPU.Build.0 = Debug|Any CPU
		{D9A4C7AB-8B2B-40A6-BC77-01749137687A}.Release|Any CPU.ActiveCfg = Release|Any CPU
		{D9A4C7AB-8B2B-40A6-BC77-01749137687A}.Release|Any CPU.Build.0 = Release|Any CPU
	EndGlobalSection
	GlobalSection(SolutionProperties) = preSolution
		HideSolutionNode = FALSE
	EndGlobalSection
	GlobalSection(ExtensibilityGlobals) = postSolution
		SolutionGuid = {C7A64545-98BE-48BA-9B34-6B86844F7456}
	EndGlobalSection
EndGlobal
